<?xml version="1.0" encoding="utf-8"?>
<Project ToolsVersion="4.0" xmlns="http://schemas.microsoft.com/developer/msbuild/2003">
  <ItemGroup>
    <Filter Include="리소스 파일">
      <UniqueIdentifier>{67DA6AB6-F800-4c08-8B7A-83BB121AAD01}</UniqueIdentifier>
      <Extensions>rc;ico;cur;bmp;dlg;rc2;rct;bin;rgs;gif;jpg;jpeg;jpe;resx;tiff;tif;png;wav;mfcribbon-ms</Extensions>
    </Filter>
    <Filter Include="Main">
      <UniqueIdentifier>{ccb63ca7-6a8a-4146-bc60-86257b53b17a}</UniqueIdentifier>
    </Filter>
    <Filter Include="Core">
      <UniqueIdentifier>{c30f736d-f6eb-4670-83ee-a89cf773575e}</UniqueIdentifier>
    </Filter>
    <Filter Include="Class">
      <UniqueIdentifier>{e8e2dea8-6bb7-48f1-ae40-267e2dd4e5ff}</UniqueIdentifier>
    </Filter>
  </ItemGroup>
  <ItemGroup>
    <ClCompile Include="Main\stdafx.cpp">
      <Filter>Main</Filter>
    </ClCompile>
    <ClCompile Include="Main\main.cpp">
      <Filter>Main</Filter>
    </ClCompile>
    <ClCompile Include="Core\sceneManager.cpp">
      <Filter>Core</Filter>
    </ClCompile>
    <ClCompile Include="Core\soundManager.cpp">
      <Filter>Core</Filter>
    </ClCompile>
    <ClCompile Include="Core\system.cpp">
      <Filter>Core</Filter>
    </ClCompile>
    <ClCompile Include="Core\textureManager.cpp">
      <Filter>Core</Filter>
    </ClCompile>
    <ClCompile Include="Core\collisionManager.cpp">
      <Filter>Core</Filter>
    </ClCompile>
    <ClCompile Include="Core\gameObject.cpp">
      <Filter>Core</Filter>
    </ClCompile>
    <ClCompile Include="Core\graphicManager.cpp">
      <Filter>Core</Filter>
    </ClCompile>
    <ClCompile Include="Core\scene.cpp">
      <Filter>Core</Filter>
    </ClCompile>
    <ClCompile Include="Class\oChar.cpp">
      <Filter>Class</Filter>
    </ClCompile>
    <ClCompile Include="Class\sGame.cpp">
      <Filter>Class</Filter>
    </ClCompile>
    <ClCompile Include="Core\objectManager.cpp">
      <Filter>Core</Filter>
    </ClCompile>
  </ItemGroup>
  <ItemGroup>
    <ClInclude Include="Main\stdafx.h">
      <Filter>Main</Filter>
    </ClInclude>
    <ClInclude Include="Core\scene.h">
      <Filter>Core</Filter>
    </ClInclude>
    <ClInclude Include="Core\sceneManager.h">
      <Filter>Core</Filter>
    </ClInclude>
    <ClInclude Include="Core\singleton.h">
      <Filter>Core</Filter>
    </ClInclude>
    <ClInclude Include="Core\soundManager.h">
      <Filter>Core</Filter>
    </ClInclude>
    <ClInclude Include="Core\system.h">
      <Filter>Core</Filter>
    </ClInclude>
    <ClInclude Include="Core\textureManager.h">
      <Filter>Core</Filter>
    </ClInclude>
    <ClInclude Include="Core\collisionManager.h">
      <Filter>Core</Filter>
    </ClInclude>
    <ClInclude Include="Core\gameObject.h">
      <Filter>Core</Filter>
    </ClInclude>
    <ClInclude Include="Core\graphicManager.h">
      <Filter>Core</Filter>
    </ClInclude>
    <ClInclude Include="Class\oChar.h">
      <Filter>Class</Filter>
    </ClInclude>
    <ClInclude Include="Class\sGame.h">
      <Filter>Class</Filter>
    </ClInclude>
    <ClInclude Include="Core\objectManager.h">
      <Filter>Core</Filter>
    </ClInclude>
  </ItemGroup>
</Project>